
Microsoft Visual Studio Solution File, Format Version 12.00
# Visual Studio Version 16
VisualStudioVersion = 16.0.29411.108
MinimumVisualStudioVersion = 10.0.40219.1
Project("{F184B08F-C81C-45F6-A57F-5ABD9991F28F}") = "Group2TugasAkhirAD", "Group2TugasAkhirAD.vbproj", "{DBDFE804-C566-43BA-A684-86230DA86EA7}"
EndProject
Global
	GlobalSection(SolutionConfigurationPlatforms) = preSolution
		Debug|Any CPU = Debug|Any CPU
		Release|Any CPU = Release|Any CPU
	EndGlobalSection
	GlobalSection(ProjectConfigurationPlatforms) = postSolution
		{DBDFE804-C566-43BA-A684-86230DA86EA7}.Debug|Any CPU.ActiveCfg = Debug|Any CPU
		{DBDFE804-C566-43BA-A684-86230DA86EA7}.Debug|Any CPU.Build.0 = Debug|Any CPU
		{DBDFE804-C566-43BA-A684-86230DA86EA7}.Release|Any CPU.ActiveCfg = Release|Any CPU
		{DBDFE804-C566-43BA-A684-86230DA86EA7}.Release|Any CPU.Build.0 = Release|Any CPU
	EndGlobalSection
	GlobalSection(SolutionProperties) = preSolution
		HideSolutionNode = FALSE
	EndGlobalSection
	GlobalSection(ExtensibilityGlobals) = postSolution
		SolutionGuid = {B2507D39-CE02-43A3-8E9F-EFB61591B417}
	EndGlobalSection
EndGlobal
